{
  "version": 1,
  "dependencies": {
    "net8.0": {
      "HtmlAgilityPack": {
        "type": "Transitive",
        "resolved": "1.11.71",
        "contentHash": "HlEThQBnob4/29DIiyrPSYlGXXSZUtOH7571PRev+yu8FW8n5pdxqHyun+PMm17cp3ovCrxFhXedC+1HUSdRMA=="
      },
      "Microsoft.Data.Sqlite": {
        "type": "Transitive",
        "resolved": "8.0.11",
        "contentHash": "6JocV6S1akKlXaDVpRmmwc9d/M7wXBmiEZ7RxB5lxDk+er9Xi3P+yVYVnh+6IJ+Y6v8pecGWhGwcgH1mONcLuw==",
        "dependencies": {
          "Microsoft.Data.Sqlite.Core": "8.0.11",
          "SQLitePCLRaw.bundle_e_sqlite3": "2.1.6"
        }
      },
      "Microsoft.Data.Sqlite.Core": {
        "type": "Transitive",
        "resolved": "8.0.11",
        "contentHash": "PrDkI9SeU/MEP/IHriczeYmRVbzEcfp66UlZRjL5ikHIJGIYOrby55GoehLCJzJiTwJ+rGkjSRctZnWgfC95fg==",
        "dependencies": {
          "SQLitePCLRaw.core": "2.1.6"
        }
      },
      "Newtonsoft.Json": {
        "type": "Transitive",
        "resolved": "13.0.3",
        "contentHash": "HrC5BXdl00IP9zeV+0Z848QWPAoCr9P3bDEZguI+gkLcBKAOxix/tLEAAHC+UvDNPv4a2d18lOReHMOagPa+zQ=="
      },
      "SQLitePCLRaw.bundle_e_sqlite3": {
        "type": "Transitive",
        "resolved": "2.1.13",
        "contentHash": "NlDixlC7uHmo+ojXRgkNvN0tQtVGpLDZ3x2OpgNj+G07VHh5cXSszFDrAiC4BpUiPwkcaeuQkMV9WQ123xVtmQ==",
        "dependencies": {
          "SQLitePCLRaw.lib.e_sqlite3": "2.1.13",
          "SQLitePCLRaw.provider.e_sqlite3": "2.1.13"
        }
      },
      "SQLitePCLRaw.core": {
        "type": "Transitive",
        "resolved": "2.1.13",
        "contentHash": "2joofoinuHBFs0nMX3nKuXgxpXryRkCOdM2Ua6HBqQLLy6IW+5f28ZI+HAvMyF8vG7XfNz/lwfBfE6V4juru8Q==",
        "dependencies": {
          "System.Memory": "4.5.3"
        }
      },
      "SQLitePCLRaw.lib.e_sqlite3": {
        "type": "Transitive",
        "resolved": "2.1.13",
        "contentHash": "D2UAuiGxFYBqeRXjjjGgvJ5UQifzn6wefmSqeKU7XcNGKLbJRP6X7kcPZ6opOBJGdCIlgbSxTvDpBbLvsN594A=="
      },
      "SQLitePCLRaw.provider.e_sqlite3": {
        "type": "Transitive",
        "resolved": "2.1.13",
        "contentHash": "ZU60dSqoSNRe49KcQDUmOVgdRtjITOssVXFtiISs+zJXDI4D2Sndwpn2NOtzDQNPu0ZAvpoLPQ+GLKv6iEZn8Q==",
        "dependencies": {
          "SQLitePCLRaw.core": "2.1.13"
        }
      },
      "System.Memory": {
        "type": "Transitive",
        "resolved": "4.5.3",
        "contentHash": "3oDzvc/zzetpTKWMShs1AADwZjQ/36HnsufHRPcOjyRAAMLDlu2iD33MBI2opxnezcVUtXyqDXXjoFMOU9c7SA=="
      },
      "System.Security.Cryptography.ProtectedData": {
        "type": "Transitive",
        "resolved": "8.0.0",
        "contentHash": "+TUFINV2q2ifyXauQXRwy4CiBhqvDEDZeVJU7qfxya4aRYOKzVBpN+4acx25VcPB9ywUN6C0n8drWl110PhZEg=="
      },
      "academicparaphraser.core": {
        "type": "Project",
        "dependencies": {
          "Newtonsoft.Json": "[13.0.3, )"
        }
      },
      "academicparaphraser.infrastructure": {
        "type": "Project",
        "dependencies": {
          "AcademicParaphraser.Core": "[1.6.0, )",
          "HtmlAgilityPack": "[1.11.71, )",
          "Microsoft.Data.Sqlite": "[8.0.11, )",
          "SQLitePCLRaw.bundle_e_sqlite3": "[2.1.13, )",
          "System.Security.Cryptography.ProtectedData": "[8.0.0, )"
        }
      }
    }
  }
}